
Microsoft Visual Studio Solution File, Format Version 12.00
# Visual Studio Version 17
VisualStudioVersion = 17.0.31903.59
MinimumVisualStudioVersion = 10.0.40219.1
Project("{FAE04EC0-301F-11D3-BF4B-00C04F79EFBC}") = "BuberBreakfast.Contracts", "BuberBreakfast.Contracts\BuberBreakfast.Contracts.csproj", "{0585817D-0FAB-4E06-BF27-62291D52693E}"
EndProject
Project("{FAE04EC0-301F-11D3-BF4B-00C04F79EFBC}") = "BuberBreakfast", "BuberBreakfast\BuberBreakfast.csproj", "{D6FAA515-7084-4CEC-AD8E-6BCEA3284AD5}"
EndProject
Global
	GlobalSection(SolutionConfigurationPlatforms) = preSolution
		Debug|Any CPU = Debug|Any CPU
		Release|Any CPU = Release|Any CPU
	EndGlobalSection
	GlobalSection(SolutionProperties) = preSolution
		HideSolutionNode = FALSE
	EndGlobalSection
	GlobalSection(ProjectConfigurationPlatforms) = postSolution
		{0585817D-0FAB-4E06-BF27-62291D52693E}.Debug|Any CPU.ActiveCfg = Debug|Any CPU
		{0585817D-0FAB-4E06-BF27-62291D52693E}.Debug|Any CPU.Build.0 = Debug|Any CPU
		{0585817D-0FAB-4E06-BF27-62291D52693E}.Release|Any CPU.ActiveCfg = Release|Any CPU
		{0585817D-0FAB-4E06-BF27-62291D52693E}.Release|Any CPU.Build.0 = Release|Any CPU
		{D6FAA515-7084-4CEC-AD8E-6BCEA3284AD5}.Debug|Any CPU.ActiveCfg = Debug|Any CPU
		{D6FAA515-7084-4CEC-AD8E-6BCEA3284AD5}.Debug|Any CPU.Build.0 = Debug|Any CPU
		{D6FAA515-7084-4CEC-AD8E-6BCEA3284AD5}.Release|Any CPU.ActiveCfg = Release|Any CPU
		{D6FAA515-7084-4CEC-AD8E-6BCEA3284AD5}.Release|Any CPU.Build.0 = Release|Any CPU
	EndGlobalSection
EndGlobal
